
Microsoft Visual Studio Solution File, Format Version 12.00
# Visual Studio Version 17
VisualStudioVersion = 17.12.35417.141 d17.12
MinimumVisualStudioVersion = 10.0.40219.1
Project("{FAE04EC0-301F-11D3-BF4B-00C04F79EFBC}") = "DOAN_TINHOC", "DOAN_TINHOC\DOAN_TINHOC.csproj", "{798CE8B0-D412-4F46-9AC4-8E5A4DE2D842}"
EndProject
Global
	GlobalSection(SolutionConfigurationPlatforms) = preSolution
		Debug|Any CPU = Debug|Any CPU
		Release|Any CPU = Release|Any CPU
	EndGlobalSection
	GlobalSection(ProjectConfigurationPlatforms) = postSolution
		{798CE8B0-D412-4F46-9AC4-8E5A4DE2D842}.Debug|Any CPU.ActiveCfg = Debug|Any CPU
		{798CE8B0-D412-4F46-9AC4-8E5A4DE2D842}.Debug|Any CPU.Build.0 = Debug|Any CPU
		{798CE8B0-D412-4F46-9AC4-8E5A4DE2D842}.Release|Any CPU.ActiveCfg = Release|Any CPU
		{798CE8B0-D412-4F46-9AC4-8E5A4DE2D842}.Release|Any CPU.Build.0 = Release|Any CPU
	EndGlobalSection
	GlobalSection(SolutionProperties) = preSolution
		HideSolutionNode = FALSE
	EndGlobalSection
EndGlobal
